# THIS IS AN AUTOGENERATED FILE. DO NOT EDIT THIS FILE DIRECTLY.
# yarn lockfile v1
"@most/multicast@^1.2.3":
  version "1.2.4"
  resolved "https://registry.yarnpkg.com/@most/multicast/-/multicast-1.2.4.tgz#38bba50b4f9da80e3c2bfb4d3a9f1c90d12ab29e"
  dependencies:
    "@most/prelude" "^1.4.0"

"@most/prelude@^1.4.0":
  version "1.4.1"
  resolved "https://registry.yarnpkg.com/@most/prelude/-/prelude-1.4.1.tgz#b940b5563096f27637401618a5351f42466ea8f3"

browser-resolve@^1.11.0:
  version "1.11.2"
  resolved "https://registry.yarnpkg.com/browser-resolve/-/browser-resolve-1.11.2.tgz#8ff09b0a2c421718a1051c260b32e48f442938ce"
  dependencies:
    resolve "1.1.7"

builtin-modules@^1.1.0:
  version "1.1.1"
  resolved "https://registry.yarnpkg.com/builtin-modules/-/builtin-modules-1.1.1.tgz#270f076c5a72c02f5b65a47df94c5fe3a278892f"

most:
  version "1.1.0"
  resolved "https://registry.yarnpkg.com/most/-/most-1.1.0.tgz#b0c8ab5ceab45989c1c0229d6501313f2a3275bf"
  dependencies:
    "@most/multicast" "^1.2.3"
    "@most/prelude" "^1.4.0"
    symbol-observable "^1.0.2"

resolve@^1.1.6, resolve@1.1.7:
  version "1.1.7"
  resolved "https://registry.yarnpkg.com/resolve/-/resolve-1.1.7.tgz#203114d82ad2c5ed9e8e0411b3932875e889e97b"

rollup:
  version "0.36.4"
  resolved "https://registry.yarnpkg.com/rollup/-/rollup-0.36.4.tgz#a224494c5386c1d73d38f7bb86f69f5eb011a3d2"
  dependencies:
    source-map-support "^0.4.0"

rollup-plugin-node-resolve:
  version "2.0.0"
  resolved "https://registry.yarnpkg.com/rollup-plugin-node-resolve/-/rollup-plugin-node-resolve-2.0.0.tgz#07e0ae94ac002a3ea36e8f33ca121d9f836b1309"
  dependencies:
    browser-resolve "^1.11.0"
    builtin-modules "^1.1.0"
    resolve "^1.1.6"

source-map-support@^0.4.0:
  version "0.4.6"
  resolved "https://registry.yarnpkg.com/source-map-support/-/source-map-support-0.4.6.tgz#32552aa64b458392a85eab3b0b5ee61527167aeb"
  dependencies:
    source-map "^0.5.3"

source-map@^0.5.3:
  version "0.5.6"
  resolved "https://registry.yarnpkg.com/source-map/-/source-map-0.5.6.tgz#75ce38f52bf0733c5a7f0c118d81334a2bb5f412"

symbol-observable@^1.0.2:
  version "1.0.4"
  resolved "https://registry.yarnpkg.com/symbol-observable/-/symbol-observable-1.0.4.tgz#29bf615d4aa7121bdd898b22d4b3f9bc4e2aa03d"

